// !$*UTF8*$!
{
	archiveVersion = 1;
	classes = {
	};
	objectVersion = 50;
	objects = {

/* Begin PBXBuildFile section */
		00EAD48622EA9A960072753C /* AppDelegate.swift in Sources */ = {isa = PBXBuildFile; fileRef = 00EAD48522EA9A960072753C /* AppDelegate.swift */; };
		00EAD48822EA9A960072753C /* ViewController.swift in Sources */ = {isa = PBXBuildFile; fileRef = 00EAD48722EA9A960072753C /* ViewController.swift */; };
		00EAD48B22EA9A960072753C /* Main.storyboard in Resources */ = {isa = PBXBuildFile; fileRef = 00EAD48922EA9A960072753C /* Main.storyboard */; };
		00EAD48D22EA9A9A0072753C /* Assets.xcassets in Resources */ = {isa = PBXBuildFile; fileRef = 00EAD48C22EA9A9A0072753C /* Assets.xcassets */; };
		00EAD49022EA9A9A0072753C /* LaunchScreen.storyboard in Resources */ = {isa = PBXBuildFile; fileRef = 00EAD48E22EA9A9A0072753C /* LaunchScreen.storyboard */; };
		00EAD49B22EA9A9A0072753C /* FoodTrackerTests.swift in Sources */ = {isa = PBXBuildFile; fileRef = 00EAD49A22EA9A9A0072753C /* FoodTrackerTests.swift */; };
		00EB615F22F01E3D006E1846 /* Meal.swift in Sources */ = {isa = PBXBuildFile; fileRef = 00EB615E22F01E3D006E1846 /* Meal.swift */; };
		00EE39EE22EEF2E400193904 /* RatingController.swift in Sources */ = {isa = PBXBuildFile; fileRef = 00EE39ED22EEF2E400193904 /* RatingController.swift */; };
/* End PBXBuildFile section */

/* Begin PBXContainerItemProxy section */
		00EAD49722EA9A9A0072753C /* PBXContainerItemProxy */ = {
			isa = PBXContainerItemProxy;
			containerPortal = 00EAD47A22EA9A960072753C /* Project object */;
			proxyType = 1;
			remoteGlobalIDString = 00EAD48122EA9A960072753C;
			remoteInfo = FoodTracker;
		};
/* End PBXContainerItemProxy section */

/* Begin PBXFileReference section */
		00EAD48222EA9A960072753C /* FoodTracker.app */ = {isa = PBXFileReference; explicitFileType = wrapper.application; includeInIndex = 0; path = FoodTracker.app; sourceTree = BUILT_PRODUCTS_DIR; };
		00EAD48522EA9A960072753C /* AppDelegate.swift */ = {isa = PBXFileReference; lastKnownFileType = sourcecode.swift; path = AppDelegate.swift; sourceTree = "<group>"; };
		00EAD48722EA9A960072753C /* ViewController.swift */ = {isa = PBXFileReference; lastKnownFileType = sourcecode.swift; path = ViewController.swift; sourceTree = "<group>"; };
		00EAD48A22EA9A960072753C /* Base */ = {isa = PBXFileReference; lastKnownFileType = file.storyboard; name = Base; path = Base.lproj/Main.storyboard; sourceTree = "<group>"; };
		00EAD48C22EA9A9A0072753C /* Assets.xcassets */ = {isa = PBXFileReference; lastKnownFileType = folder.assetcatalog; path = Assets.xcassets; sourceTree = "<group>"; };
		00EAD48F22EA9A9A0072753C /* Base */ = {isa = PBXFileReference; lastKnownFileType = file.storyboard; name = Base; path = Base.lproj/LaunchScreen.storyboard; sourceTree = "<group>"; };
		00EAD49122EA9A9A0072753C /* Info.plist */ = {isa = PBXFileReference; lastKnownFileType = text.plist.xml; path = Info.plist; sourceTree = "<group>"; };
		00EAD49622EA9A9A0072753C /* FoodTrackerTests.xctest */ = {isa = PBXFileReference; explicitFileType = wrapper.cfbundle; includeInIndex = 0; path = FoodTrackerTests.xctest; sourceTree = BUILT_PRODUCTS_DIR; };
		00EAD49A22EA9A9A0072753C /* FoodTrackerTests.swift */ = {isa = PBXFileReference; lastKnownFileType = sourcecode.swift; path = FoodTrackerTests.swift; sourceTree = "<group>"; };
		00EAD49C22EA9A9A0072753C /* Info.plist */ = {isa = PBXFileReference; lastKnownFileType = text.plist.xml; path = Info.plist; sourceTree = "<group>"; };
		00EB615E22F01E3D006E1846 /* Meal.swift */ = {isa = PBXFileReference; lastKnownFileType = sourcecode.swift; path = Meal.swift; sourceTree = "<group>"; };
		00EE39ED22EEF2E400193904 /* RatingController.swift */ = {isa = PBXFileReference; lastKnownFileType = sourcecode.swift; path = RatingController.swift; sourceTree = "<group>"; };
/* End PBXFileReference section */

/* Begin PBXFrameworksBuildPhase section */
		00EAD47F22EA9A960072753C /* Frameworks */ = {
			isa = PBXFrameworksBuildPhase;
			buildActionMask = 2147483647;
			files = (
			);
			runOnlyForDeploymentPostprocessing = 0;
		};
		00EAD49322EA9A9A0072753C /* Frameworks */ = {
			isa = PBXFrameworksBuildPhase;
			buildActionMask = 2147483647;
			files = (
			);
			runOnlyForDeploymentPostprocessing = 0;
		};
/* End PBXFrameworksBuildPhase section */

/* Begin PBXGroup section */
		00EAD47922EA9A960072753C = {
			isa = PBXGroup;
			children = (
				00EAD48422EA9A960072753C /* FoodTracker */,
				00EAD49922EA9A9A0072753C /* FoodTrackerTests */,
				00EAD48322EA9A960072753C /* Products */,
			);
			sourceTree = "<group>";
		};
		00EAD48322EA9A960072753C /* Products */ = {
			isa = PBXGroup;
			children = (
				00EAD48222EA9A960072753C /* FoodTracker.app */,
				00EAD49622EA9A9A0072753C /* FoodTrackerTests.xctest */,
			);
			name = Products;
			sourceTree = "<group>";
		};
		00EAD48422EA9A960072753C /* FoodTracker */ = {
			isa = PBXGroup;
			children = (
				00EAD48522EA9A960072753C /* AppDelegate.swift */,
				00EAD48722EA9A960072753C /* ViewController.swift */,
				00EB615E22F01E3D006E1846 /* Meal.swift */,
				00EE39ED22EEF2E400193904 /* RatingController.swift */,
				00EAD48922EA9A960072753C /* Main.storyboard */,
				00EAD48C22EA9A9A0072753C /* Assets.xcassets */,
				00EAD48E22EA9A9A0072753C /* LaunchScreen.storyboard */,
				00EAD49122EA9A9A0072753C /* Info.plist */,
			);
			path = FoodTracker;
			sourceTree = "<group>";
		};
		00EAD49922EA9A9A0072753C /* FoodTrackerTests */ = {
			isa = PBXGroup;
			children = (
				00EAD49A22EA9A9A0072753C /* FoodTrackerTests.swift */,
				00EAD49C22EA9A9A0072753C /* Info.plist */,
			);
			path = FoodTrackerTests;
			sourceTree = "<group>";
		};
/* End PBXGroup section */

/* Begin PBXNativeTarget section */
		00EAD48122EA9A960072753C /* FoodTracker */ = {
			isa = PBXNativeTarget;
			buildConfigurationList = 00EAD49F22EA9A9A0072753C /* Build configuration list for PBXNativeTarget "FoodTracker" */;
			buildPhases = (
				00EAD47E22EA9A960072753C /* Sources */,
				00EAD47F22EA9A960072753C /* Frameworks */,
				00EAD48022EA9A960072753C /* Resources */,
			);
			buildRules = (
			);
			dependencies = (
			);
			name = FoodTracker;
			productName = FoodTracker;
			productReference = 00EAD48222EA9A960072753C /* FoodTracker.app */;
			productType = "com.apple.product-type.application";
		};
		00EAD49522EA9A9A0072753C /* FoodTrackerTests */ = {
			isa = PBXNativeTarget;
			buildConfigurationList = 00EAD4A222EA9A9A0072753C /* Build configuration list for PBXNativeTarget "FoodTrackerTests" */;
			buildPhases = (
				00EAD49222EA9A9A0072753C /* Sources */,
				00EAD49322EA9A9A0072753C /* Frameworks */,
				00EAD49422EA9A9A0072753C /* Resources */,
			);
			buildRules = (
			);
			dependencies = (
				00EAD49822EA9A9A0072753C /* PBXTargetDependency */,
			);
			name = FoodTrackerTests;
			productName = FoodTrackerTests;
			productReference = 00EAD49622EA9A9A0072753C /* FoodTrackerTests.xctest */;
			productType = "com.apple.product-type.bundle.unit-test";
		};
/* End PBXNativeTarget section */

/* Begin PBXProject section */
		00EAD47A22EA9A960072753C /* Project object */ = {
			isa = PBXProject;
			attributes = {
				LastSwiftUpdateCheck = 1020;
				LastUpgradeCheck = 1020;
				ORGANIZATIONNAME = Example;
				TargetAttributes = {
					00EAD48122EA9A960072753C = {
						CreatedOnToolsVersion = 10.2.1;
					};
					00EAD49522EA9A9A0072753C = {
						CreatedOnToolsVersion = 10.2.1;
						TestTargetID = 00EAD48122EA9A960072753C;
					};
				};
			};
			buildConfigurationList = 00EAD47D22EA9A960072753C /* Build configuration list for PBXProject "FoodTracker" */;
			compatibilityVersion = "Xcode 9.3";
			developmentRegion = en;
			hasScannedForEncodings = 0;
			knownRegions = (
				en,
				Base,
			);
			mainGroup = 00EAD47922EA9A960072753C;
			productRefGroup = 00EAD48322EA9A960072753C /* Products */;
			projectDirPath = "";
			projectRoot = "";
			targets = (
				00EAD48122EA9A960072753C /* FoodTracker */,
				00EAD49522EA9A9A0072753C /* FoodTrackerTests */,
			);
		};
/* End PBXProject section */

/* Begin PBXResourcesBuildPhase section */
		00EAD48022EA9A960072753C /* Resources */ = {
			isa = PBXResourcesBuildPhase;
			buildActionMask = 2147483647;
			files = (
				00EAD49022EA9A9A0072753C /* LaunchScreen.storyboard in Resources */,
				00EAD48D22EA9A9A0072753C /* Assets.xcassets in Resources */,
				00EAD48B22EA9A960072753C /* Main.storyboard in Resources */,
			);
			runOnlyForDeploymentPostprocessing = 0;
		};
		00EAD49422EA9A9A0072753C /* Resources */ = {
			isa = PBXResourcesBuildPhase;
			buildActionMask = 2147483647;
			files = (
			);
			runOnlyForDeploymentPostprocessing = 0;
		};
/* End PBXResourcesBuildPhase section */

/* Begin PBXSourcesBuildPhase section */
		00EAD47E22EA9A960072753C /* Sources */ = {
			isa = PBXSourcesBuildPhase;
			buildActionMask = 2147483647;
			files = (
				00EB615F22F01E3D006E1846 /* Meal.swift in Sources */,
				00EAD48822EA9A960072753C /* ViewController.swift in Sources */,
				00EAD48622EA9A960072753C /* AppDelegate.swift in Sources */,
				00EE39EE22EEF2E400193904 /* RatingController.swift in Sources */,
			);
			runOnlyForDeploymentPostprocessing = 0;
		};
		00EAD49222EA9A9A0072753C /* Sources */ = {
			isa = PBXSourcesBuildPhase;
			buildActionMask = 2147483647;
			files = (
				00EAD49B22EA9A9A0072753C /* FoodTrackerTests.swift in Sources */,
			);
			runOnlyForDeploymentPostprocessing = 0;
		};
/* End PBXSourcesBuildPhase section */

/* Begin PBXTargetDependency section */
		00EAD49822EA9A9A0072753C /* PBXTargetDependency */ = {
			isa = PBXTargetDependency;
			target = 00EAD48122EA9A960072753C /* FoodTracker */;
			targetProxy = 00EAD49722EA9A9A0072753C /* PBXContainerItemProxy */;
		};
/* End PBXTargetDependency section */

/* Begin PBXVariantGroup section */
		00EAD48922EA9A960072753C /* Main.storyboard */ = {
			isa = PBXVariantGroup;
			children = (
				00EAD48A22EA9A960072753C /* Base */,
			);
			name = Main.storyboard;
			sourceTree = "<group>";
		};
		00EAD48E22EA9A9A0072753C /* LaunchScreen.storyboard */ = {
			isa = PBXVariantGroup;
			children = (
				00EAD48F22EA9A9A0072753C /* Base */,
			);
			name = LaunchScreen.storyboard;
			sourceTree = "<group>";
		};
/* End PBXVariantGroup section */

/* Begin XCBuildConfiguration section */
		00EAD49D22EA9A9A0072753C /* Debug */ = {
			isa = XCBuildConfiguration;
			buildSettings = {
				ALWAYS_SEARCH_USER_PATHS = NO;
				CLANG_ANALYZER_NONNULL = YES;
				CLANG_ANALYZER_NUMBER_OBJECT_CONVERSION = YES_AGGRESSIVE;
				CLANG_CXX_LANGUAGE_STANDARD = "gnu++14";
				CLANG_CXX_LIBRARY = "libc++";
				CLANG_ENABLE_MODULES = YES;
				CLANG_ENABLE_OBJC_ARC = YES;
				CLANG_ENABLE_OBJC_WEAK = YES;
				CLANG_WARN_BLOCK_CAPTURE_AUTORELEASING = YES;
				CLANG_WARN_BOOL_CONVERSION = YES;
				CLANG_WARN_COMMA = YES;
				CLANG_WARN_CONSTANT_CONVERSION = YES;
				CLANG_WARN_DEPRECATED_OBJC_IMPLEMENTATIONS = YES;
				CLANG_WARN_DIRECT_OBJC_ISA_USAGE = YES_ERROR;
				CLANG_WARN_DOCUMENTATION_COMMENTS = YES;
				CLANG_WARN_EMPTY_BODY = YES;
				CLANG_WARN_ENUM_CONVERSION = YES;
				CLANG_WARN_INFINITE_RECURSION = YES;
				CLANG_WARN_INT_CONVERSION = YES;
				CLANG_WARN_NON_LITERAL_NULL_CONVERSION = YES;
				CLANG_WARN_OBJC_IMPLICIT_RETAIN_SELF = YES;
				CLANG_WARN_OBJC_LITERAL_CONVERSION = YES;
				CLANG_WARN_OBJC_ROOT_CLASS = YES_ERROR;
				CLANG_WARN_RANGE_LOOP_ANALYSIS = YES;
				CLANG_WARN_STRICT_PROTOTYPES = YES;
				CLANG_WARN_SUSPICIOUS_MOVE = YES;
				CLANG_WARN_UNGUARDED_AVAILABILITY = YES_AGGRESSIVE;
				CLANG_WARN_UNREACHABLE_CODE = YES;
				CLANG_WARN__DUPLICATE_METHOD_MATCH = YES;
				CODE_SIGN_IDENTITY = "iPhone Developer";
				COPY_PHASE_STRIP = NO;
				DEBUG_INFORMATION_FORMAT = dwarf;
				ENABLE_STRICT_OBJC_MSGSEND = YES;
				ENABLE_TESTABILITY = YES;
				GCC_C_LANGUAGE_STANDARD = gnu11;
				GCC_DYNAMIC_NO_PIC = NO;
				GCC_NO_COMMON_BLOCKS = YES;
				GCC_OPTIMIZATION_LEVEL = 0;
				GCC_PREPROCESSOR_DEFINITIONS = (
					"DEBUG=1",
					"$(inherited)",
				);
				GCC_WARN_64_TO_32_BIT_CONVERSION = YES;
				GCC_WARN_ABOUT_RETURN_TYPE = YES_ERROR;
				GCC_WARN_UNDECLARED_SELECTOR = YES;
				GCC_WARN_UNINITIALIZED_AUTOS = YES_AGGRESSIVE;
				GCC_WARN_UNUSED_FUNCTION = YES;
				GCC_WARN_UNUSED_VARIABLE = YES;
				IPHONEOS_DEPLOYMENT_TARGET = 12.2;
				MTL_ENABLE_DEBUG_INFO = INCLUDE_SOURCE;
				MTL_FAST_MATH = YES;
				ONLY_ACTIVE_ARCH = YES;
				SDKROOT = iphoneos;
				SWIFT_ACTIVE_COMPILATION_CONDITIONS = DEBUG;
				SWIFT_OPTIMIZATION_LEVEL = "-Onone";
			};
			name = Debug;
		};
		00EAD49E22EA9A9A0072753C /* Release */ = {
			isa = XCBuildConfiguration;
			buildSettings = {
				ALWAYS_SEARCH_USER_PATHS = NO;
				CLANG_ANALYZER_NONNULL = YES;
				CLANG_ANALYZER_NUMBER_OBJECT_CONVERSION = YES_AGGRESSIVE;
				CLANG_CXX_LANGUAGE_STANDARD = "gnu++14";
				CLANG_CXX_LIBRARY = "libc++";
				CLANG_ENABLE_MODULES = YES;
				CLANG_ENABLE_OBJC_ARC = YES;
				CLANG_ENABLE_OBJC_WEAK = YES;
				CLANG_WARN_BLOCK_CAPTURE_AUTORELEASING = YES;
				CLANG_WARN_BOOL_CONVERSION = YES;
				CLANG_WARN_COMMA = YES;
				CLANG_WARN_CONSTANT_CONVERSION = YES;
				CLANG_WARN_DEPRECATED_OBJC_IMPLEMENTATIONS = YES;
				CLANG_WARN_DIRECT_OBJC_ISA_USAGE = YES_ERROR;
				CLANG_WARN_DOCUMENTATION_COMMENTS = YES;
				CLANG_WARN_EMPTY_BODY = YES;
				CLANG_WARN_ENUM_CONVERSION = YES;
				CLANG_WARN_INFINITE_RECURSION = YES;
				CLANG_WARN_INT_CONVERSION = YES;
				CLANG_WARN_NON_LITERAL_NULL_CONVERSION = YES;
				CLANG_WARN_OBJC_IMPLICIT_RETAIN_SELF = YES;
				CLANG_WARN_OBJC_LITERAL_CONVERSION = YES;
				CLANG_WARN_OBJC_ROOT_CLASS = YES_ERROR;
				CLANG_WARN_RANGE_LOOP_ANALYSIS = YES;
				CLANG_WARN_STRICT_PROTOTYPES = YES;
				CLANG_WARN_SUSPICIOUS_MOVE = YES;
				CLANG_WARN_UNGUARDED_AVAILABILITY = YES_AGGRESSIVE;
				CLANG_WARN_UNREACHABLE_CODE = YES;
				CLANG_WARN__DUPLICATE_METHOD_MATCH = YES;
				CODE_SIGN_IDENTITY = "iPhone Developer";
				COPY_PHASE_STRIP = NO;
				DEBUG_INFORMATION_FORMAT = "dwarf-with-dsym";
				ENABLE_NS_ASSERTIONS = NO;
				ENABLE_STRICT_OBJC_MSGSEND = YES;
				GCC_C_LANGUAGE_STANDARD = gnu11;
				GCC_NO_COMMON_BLOCKS = YES;
				GCC_WARN_64_TO_32_BIT_CONVERSION = YES;
				GCC_WARN_ABOUT_RETURN_TYPE = YES_ERROR;
				GCC_WARN_UNDECLARED_SELECTOR = YES;
				GCC_WARN_UNINITIALIZED_AUTOS = YES_AGGRESSIVE;
				GCC_WARN_UNUSED_FUNCTION = YES;
				GCC_WARN_UNUSED_VARIABLE = YES;
				IPHONEOS_DEPLOYMENT_TARGET = 12.2;
				MTL_ENABLE_DEBUG_INFO = NO;
				MTL_FAST_MATH = YES;
				SDKROOT = iphoneos;
				SWIFT_COMPILATION_MODE = wholemodule;
				SWIFT_OPTIMIZATION_LEVEL = "-O";
				VALIDATE_PRODUCT = YES;
			};
			name = Release;
		};
		00EAD4A022EA9A9A0072753C /* Debug */ = {
			isa = XCBuildConfiguration;
			buildSettings = {
				ASSETCATALOG_COMPILER_APPICON_NAME = AppIcon;
				CODE_SIGN_STYLE = Automatic;
				INFOPLIST_FILE = FoodTracker/Info.plist;
				LD_RUNPATH_SEARCH_PATHS = (
					"$(inherited)",
					"@executable_path/Frameworks",
				);
				PRODUCT_BUNDLE_IDENTIFIER = com.example.FoodTracker;
				PRODUCT_NAME = "$(TARGET_NAME)";
				SWIFT_VERSION = 5.0;
				TARGETED_DEVICE_FAMILY = "1,2";
			};
			name = Debug;
		};
		00EAD4A122EA9A9A0072753C /* Release */ = {
			isa = XCBuildConfiguration;
			buildSettings = {
				ASSETCATALOG_COMPILER_APPICON_NAME = AppIcon;
				CODE_SIGN_STYLE = Automatic;
				INFOPLIST_FILE = FoodTracker/Info.plist;
				LD_RUNPATH_SEARCH_PATHS = (
					"$(inherited)",
					"@executable_path/Frameworks",
				);
				PRODUCT_BUNDLE_IDENTIFIER = com.example.FoodTracker;
				PRODUCT_NAME = "$(TARGET_NAME)";
				SWIFT_VERSION = 5.0;
				TARGETED_DEVICE_FAMILY = "1,2";
			};
			name = Release;
		};
		00EAD4A322EA9A9A0072753C /* Debug */ = {
			isa = XCBuildConfiguration;
			buildSettings = {
				ALWAYS_EMBED_SWIFT_STANDARD_LIBRARIES = YES;
				BUNDLE_LOADER = "$(TEST_HOST)";
				CODE_SIGN_STYLE = Automatic;
				INFOPLIST_FILE = FoodTrackerTests/Info.plist;
				LD_RUNPATH_SEARCH_PATHS = (
					"$(inherited)",
					"@executable_path/Frameworks",
					"@loader_path/Frameworks",
				);
				PRODUCT_BUNDLE_IDENTIFIER = com.example.FoodTrackerTests;
				PRODUCT_NAME = "$(TARGET_NAME)";
				SWIFT_VERSION = 5.0;
				TARGETED_DEVICE_FAMILY = "1,2";
				TEST_HOST = "$(BUILT_PRODUCTS_DIR)/FoodTracker.app/FoodTracker";
			};
			name = Debug;
		};
		00EAD4A422EA9A9A0072753C /* Release */ = {
			isa = XCBuildConfiguration;
			buildSettings = {
				ALWAYS_EMBED_SWIFT_STANDARD_LIBRARIES = YES;
				BUNDLE_LOADER = "$(TEST_HOST)";
				CODE_SIGN_STYLE = Automatic;
				INFOPLIST_FILE = FoodTrackerTests/Info.plist;
				LD_RUNPATH_SEARCH_PATHS = (
					"$(inherited)",
					"@executable_path/Frameworks",
					"@loader_path/Frameworks",
				);
				PRODUCT_BUNDLE_IDENTIFIER = com.example.FoodTrackerTests;
				PRODUCT_NAME = "$(TARGET_NAME)";
				SWIFT_VERSION = 5.0;
				TARGETED_DEVICE_FAMILY = "1,2";
				TEST_HOST = "$(BUILT_PRODUCTS_DIR)/FoodTracker.app/FoodTracker";
			};
			name = Release;
		};
/* End XCBuildConfiguration section */

/* Begin XCConfigurationList section */
		00EAD47D22EA9A960072753C /* Build configuration list for PBXProject "FoodTracker" */ = {
			isa = XCConfigurationList;
			buildConfigurations = (
				00EAD49D22EA9A9A0072753C /* Debug */,
				00EAD49E22EA9A9A0072753C /* Release */,
			);
			defaultConfigurationIsVisible = 0;
			defaultConfigurationName = Release;
		};
		00EAD49F22EA9A9A0072753C /* Build configuration list for PBXNativeTarget "FoodTracker" */ = {
			isa = XCConfigurationList;
			buildConfigurations = (
				00EAD4A022EA9A9A0072753C /* Debug */,
				00EAD4A122EA9A9A0072753C /* Release */,
			);
			defaultConfigurationIsVisible = 0;
			defaultConfigurationName = Release;
		};
		00EAD4A222EA9A9A0072753C /* Build configuration list for PBXNativeTarget "FoodTrackerTests" */ = {
			isa = XCConfigurationList;
			buildConfigurations = (
				00EAD4A322EA9A9A0072753C /* Debug */,
				00EAD4A422EA9A9A0072753C /* Release */,
			);
			defaultConfigurationIsVisible = 0;
			defaultConfigurationName = Release;
		};
/* End XCConfigurationList section */
	};
	rootObject = 00EAD47A22EA9A960072753C /* Project object */;
}
